
Microsoft Visual Studio Solution File, Format Version 12.00
# Visual Studio Version 16
VisualStudioVersion = 16.0.32802.440
MinimumVisualStudioVersion = 10.0.40219.1
Project("{FAE04EC0-301F-11D3-BF4B-00C04F79EFBC}") = "WebApplication1", "WebApplication1\WebApplication1.csproj", "{BC7BA68B-3AA2-4380-AC72-016178A4137C}"
EndProject
Global
	GlobalSection(SolutionConfigurationPlatforms) = preSolution
		Debug|Any CPU = Debug|Any CPU
		Release|Any CPU = Release|Any CPU
	EndGlobalSection
	GlobalSection(ProjectConfigurationPlatforms) = postSolution
		{BC7BA68B-3AA2-4380-AC72-016178A4137C}.Debug|Any CPU.ActiveCfg = Debug|Any CPU
		{BC7BA68B-3AA2-4380-AC72-016178A4137C}.Debug|Any CPU.Build.0 = Debug|Any CPU
		{BC7BA68B-3AA2-4380-AC72-016178A4137C}.Release|Any CPU.ActiveCfg = Release|Any CPU
		{BC7BA68B-3AA2-4380-AC72-016178A4137C}.Release|Any CPU.Build.0 = Release|Any CPU
	EndGlobalSection
	GlobalSection(SolutionProperties) = preSolution
		HideSolutionNode = FALSE
	EndGlobalSection
	GlobalSection(ExtensibilityGlobals) = postSolution
		SolutionGuid = {17AD66DF-8174-4E26-A3E4-34F278FB7D0C}
	EndGlobalSection
EndGlobal
